// !$*UTF8*$!
{
	archiveVersion = 1;
	classes = {
	};
	objectVersion = 46;
	objects = {

/* Begin PBXBuildFile section */
		149CBBE21FC3137400C5359B /* main.m in Sources */ = {isa = PBXBuildFile; fileRef = 149CBBE11FC3137400C5359B /* main.m */; };
		149CBBE51FC3137400C5359B /* AppDelegate.m in Sources */ = {isa = PBXBuildFile; fileRef = 149CBBE41FC3137400C5359B /* AppDelegate.m */; };
		149CBBE81FC3137400C5359B /* FirstViewController.m in Sources */ = {isa = PBXBuildFile; fileRef = 149CBBE71FC3137400C5359B /* FirstViewController.m */; };
		149CBBEB1FC3137400C5359B /* SecondViewController.m in Sources */ = {isa = PBXBuildFile; fileRef = 149CBBEA1FC3137400C5359B /* SecondViewController.m */; };
		149CBBEE1FC3137400C5359B /* Main.storyboard in Resources */ = {isa = PBXBuildFile; fileRef = 149CBBEC1FC3137400C5359B /* Main.storyboard */; };
		149CBBF01FC3137400C5359B /* Assets.xcassets in Resources */ = {isa = PBXBuildFile; fileRef = 149CBBEF1FC3137400C5359B /* Assets.xcassets */; };
		149CBBF31FC3137400C5359B /* LaunchScreen.storyboard in Resources */ = {isa = PBXBuildFile; fileRef = 149CBBF11FC3137400C5359B /* LaunchScreen.storyboard */; };
		149CBBFE1FC3137400C5359B /* TimeAndPlaceTests.m in Sources */ = {isa = PBXBuildFile; fileRef = 149CBBFD1FC3137400C5359B /* TimeAndPlaceTests.m */; };
		149CBC091FC3137400C5359B /* TimeAndPlaceUITests.m in Sources */ = {isa = PBXBuildFile; fileRef = 149CBC081FC3137400C5359B /* TimeAndPlaceUITests.m */; };
		149CBC181FC3137F00C5359B /* MapKit.framework in Frameworks */ = {isa = PBXBuildFile; fileRef = 149CBC171FC3137F00C5359B /* MapKit.framework */; };
		149CBC1A1FC3138900C5359B /* NotificationCenter.framework in Frameworks */ = {isa = PBXBuildFile; fileRef = 149CBC191FC3138900C5359B /* NotificationCenter.framework */; };
		149CBC1C1FC3139100C5359B /* UserNotifications.framework in Frameworks */ = {isa = PBXBuildFile; fileRef = 149CBC1B1FC3139100C5359B /* UserNotifications.framework */; };
/* End PBXBuildFile section */

/* Begin PBXContainerItemProxy section */
		149CBBFA1FC3137400C5359B /* PBXContainerItemProxy */ = {
			isa = PBXContainerItemProxy;
			containerPortal = 149CBBD51FC3137400C5359B /* Project object */;
			proxyType = 1;
			remoteGlobalIDString = 149CBBDC1FC3137400C5359B;
			remoteInfo = TimeAndPlace;
		};
		149CBC051FC3137400C5359B /* PBXContainerItemProxy */ = {
			isa = PBXContainerItemProxy;
			containerPortal = 149CBBD51FC3137400C5359B /* Project object */;
			proxyType = 1;
			remoteGlobalIDString = 149CBBDC1FC3137400C5359B;
			remoteInfo = TimeAndPlace;
		};
/* End PBXContainerItemProxy section */

/* Begin PBXFileReference section */
		149CBBDD1FC3137400C5359B /* TimeAndPlace.app */ = {isa = PBXFileReference; explicitFileType = wrapper.application; includeInIndex = 0; path = TimeAndPlace.app; sourceTree = BUILT_PRODUCTS_DIR; };
		149CBBE11FC3137400C5359B /* main.m */ = {isa = PBXFileReference; lastKnownFileType = sourcecode.c.objc; path = main.m; sourceTree = "<group>"; };
		149CBBE31FC3137400C5359B /* AppDelegate.h */ = {isa = PBXFileReference; lastKnownFileType = sourcecode.c.h; path = AppDelegate.h; sourceTree = "<group>"; };
		149CBBE41FC3137400C5359B /* AppDelegate.m */ = {isa = PBXFileReference; lastKnownFileType = sourcecode.c.objc; path = AppDelegate.m; sourceTree = "<group>"; };
		149CBBE61FC3137400C5359B /* FirstViewController.h */ = {isa = PBXFileReference; lastKnownFileType = sourcecode.c.h; path = FirstViewController.h; sourceTree = "<group>"; };
		149CBBE71FC3137400C5359B /* FirstViewController.m */ = {isa = PBXFileReference; lastKnownFileType = sourcecode.c.objc; path = FirstViewController.m; sourceTree = "<group>"; };
		149CBBE91FC3137400C5359B /* SecondViewController.h */ = {isa = PBXFileReference; lastKnownFileType = sourcecode.c.h; path = SecondViewController.h; sourceTree = "<group>"; };
		149CBBEA1FC3137400C5359B /* SecondViewController.m */ = {isa = PBXFileReference; lastKnownFileType = sourcecode.c.objc; path = SecondViewController.m; sourceTree = "<group>"; };
		149CBBED1FC3137400C5359B /* Base */ = {isa = PBXFileReference; lastKnownFileType = file.storyboard; name = Base; path = Base.lproj/Main.storyboard; sourceTree = "<group>"; };
		149CBBEF1FC3137400C5359B /* Assets.xcassets */ = {isa = PBXFileReference; lastKnownFileType = folder.assetcatalog; path = Assets.xcassets; sourceTree = "<group>"; };
		149CBBF21FC3137400C5359B /* Base */ = {isa = PBXFileReference; lastKnownFileType = file.storyboard; name = Base; path = Base.lproj/LaunchScreen.storyboard; sourceTree = "<group>"; };
		149CBBF41FC3137400C5359B /* Info.plist */ = {isa = PBXFileReference; lastKnownFileType = text.plist.xml; path = Info.plist; sourceTree = "<group>"; };
		149CBBF91FC3137400C5359B /* TimeAndPlaceTests.xctest */ = {isa = PBXFileReference; explicitFileType = wrapper.cfbundle; includeInIndex = 0; path = TimeAndPlaceTests.xctest; sourceTree = BUILT_PRODUCTS_DIR; };
		149CBBFD1FC3137400C5359B /* TimeAndPlaceTests.m */ = {isa = PBXFileReference; lastKnownFileType = sourcecode.c.objc; path = TimeAndPlaceTests.m; sourceTree = "<group>"; };
		149CBBFF1FC3137400C5359B /* Info.plist */ = {isa = PBXFileReference; lastKnownFileType = text.plist.xml; path = Info.plist; sourceTree = "<group>"; };
		149CBC041FC3137400C5359B /* TimeAndPlaceUITests.xctest */ = {isa = PBXFileReference; explicitFileType = wrapper.cfbundle; includeInIndex = 0; path = TimeAndPlaceUITests.xctest; sourceTree = BUILT_PRODUCTS_DIR; };
		149CBC081FC3137400C5359B /* TimeAndPlaceUITests.m */ = {isa = PBXFileReference; lastKnownFileType = sourcecode.c.objc; path = TimeAndPlaceUITests.m; sourceTree = "<group>"; };
		149CBC0A1FC3137400C5359B /* Info.plist */ = {isa = PBXFileReference; lastKnownFileType = text.plist.xml; path = Info.plist; sourceTree = "<group>"; };
		149CBC171FC3137F00C5359B /* MapKit.framework */ = {isa = PBXFileReference; lastKnownFileType = wrapper.framework; name = MapKit.framework; path = System/Library/Frameworks/MapKit.framework; sourceTree = SDKROOT; };
		149CBC191FC3138900C5359B /* NotificationCenter.framework */ = {isa = PBXFileReference; lastKnownFileType = wrapper.framework; name = NotificationCenter.framework; path = System/Library/Frameworks/NotificationCenter.framework; sourceTree = SDKROOT; };
		149CBC1B1FC3139100C5359B /* UserNotifications.framework */ = {isa = PBXFileReference; lastKnownFileType = wrapper.framework; name = UserNotifications.framework; path = System/Library/Frameworks/UserNotifications.framework; sourceTree = SDKROOT; };
/* End PBXFileReference section */

/* Begin PBXFrameworksBuildPhase section */
		149CBBDA1FC3137400C5359B /* Frameworks */ = {
			isa = PBXFrameworksBuildPhase;
			buildActionMask = 2147483647;
			files = (
				149CBC1C1FC3139100C5359B /* UserNotifications.framework in Frameworks */,
				149CBC1A1FC3138900C5359B /* NotificationCenter.framework in Frameworks */,
				149CBC181FC3137F00C5359B /* MapKit.framework in Frameworks */,
			);
			runOnlyForDeploymentPostprocessing = 0;
		};
		149CBBF61FC3137400C5359B /* Frameworks */ = {
			isa = PBXFrameworksBuildPhase;
			buildActionMask = 2147483647;
			files = (
			);
			runOnlyForDeploymentPostprocessing = 0;
		};
		149CBC011FC3137400C5359B /* Frameworks */ = {
			isa = PBXFrameworksBuildPhase;
			buildActionMask = 2147483647;
			files = (
			);
			runOnlyForDeploymentPostprocessing = 0;
		};
/* End PBXFrameworksBuildPhase section */

/* Begin PBXGroup section */
		149CBBD41FC3137400C5359B = {
			isa = PBXGroup;
			children = (
				149CBBDF1FC3137400C5359B /* TimeAndPlace */,
				149CBBFC1FC3137400C5359B /* TimeAndPlaceTests */,
				149CBC071FC3137400C5359B /* TimeAndPlaceUITests */,
				149CBBDE1FC3137400C5359B /* Products */,
				149CBC161FC3137F00C5359B /* Frameworks */,
			);
			sourceTree = "<group>";
		};
		149CBBDE1FC3137400C5359B /* Products */ = {
			isa = PBXGroup;
			children = (
				149CBBDD1FC3137400C5359B /* TimeAndPlace.app */,
				149CBBF91FC3137400C5359B /* TimeAndPlaceTests.xctest */,
				149CBC041FC3137400C5359B /* TimeAndPlaceUITests.xctest */,
			);
			name = Products;
			sourceTree = "<group>";
		};
		149CBBDF1FC3137400C5359B /* TimeAndPlace */ = {
			isa = PBXGroup;
			children = (
				149CBBE31FC3137400C5359B /* AppDelegate.h */,
				149CBBE41FC3137400C5359B /* AppDelegate.m */,
				149CBBE61FC3137400C5359B /* FirstViewController.h */,
				149CBBE71FC3137400C5359B /* FirstViewController.m */,
				149CBBE91FC3137400C5359B /* SecondViewController.h */,
				149CBBEA1FC3137400C5359B /* SecondViewController.m */,
				149CBBEC1FC3137400C5359B /* Main.storyboard */,
				149CBBEF1FC3137400C5359B /* Assets.xcassets */,
				149CBBF11FC3137400C5359B /* LaunchScreen.storyboard */,
				149CBBF41FC3137400C5359B /* Info.plist */,
				149CBBE01FC3137400C5359B /* Supporting Files */,
			);
			path = TimeAndPlace;
			sourceTree = "<group>";
		};
		149CBBE01FC3137400C5359B /* Supporting Files */ = {
			isa = PBXGroup;
			children = (
				149CBBE11FC3137400C5359B /* main.m */,
			);
			name = "Supporting Files";
			sourceTree = "<group>";
		};
		149CBBFC1FC3137400C5359B /* TimeAndPlaceTests */ = {
			isa = PBXGroup;
			children = (
				149CBBFD1FC3137400C5359B /* TimeAndPlaceTests.m */,
				149CBBFF1FC3137400C5359B /* Info.plist */,
			);
			path = TimeAndPlaceTests;
			sourceTree = "<group>";
		};
		149CBC071FC3137400C5359B /* TimeAndPlaceUITests */ = {
			isa = PBXGroup;
			children = (
				149CBC081FC3137400C5359B /* TimeAndPlaceUITests.m */,
				149CBC0A1FC3137400C5359B /* Info.plist */,
			);
			path = TimeAndPlaceUITests;
			sourceTree = "<group>";
		};
		149CBC161FC3137F00C5359B /* Frameworks */ = {
			isa = PBXGroup;
			children = (
				149CBC1B1FC3139100C5359B /* UserNotifications.framework */,
				149CBC191FC3138900C5359B /* NotificationCenter.framework */,
				149CBC171FC3137F00C5359B /* MapKit.framework */,
			);
			name = Frameworks;
			sourceTree = "<group>";
		};
/* End PBXGroup section */

/* Begin PBXNativeTarget section */
		149CBBDC1FC3137400C5359B /* TimeAndPlace */ = {
			isa = PBXNativeTarget;
			buildConfigurationList = 149CBC0D1FC3137400C5359B /* Build configuration list for PBXNativeTarget "TimeAndPlace" */;
			buildPhases = (
				149CBBD91FC3137400C5359B /* Sources */,
				149CBBDA1FC3137400C5359B /* Frameworks */,
				149CBBDB1FC3137400C5359B /* Resources */,
			);
			buildRules = (
			);
			dependencies = (
			);
			name = TimeAndPlace;
			productName = TimeAndPlace;
			productReference = 149CBBDD1FC3137400C5359B /* TimeAndPlace.app */;
			productType = "com.apple.product-type.application";
		};
		149CBBF81FC3137400C5359B /* TimeAndPlaceTests */ = {
			isa = PBXNativeTarget;
			buildConfigurationList = 149CBC101FC3137400C5359B /* Build configuration list for PBXNativeTarget "TimeAndPlaceTests" */;
			buildPhases = (
				149CBBF51FC3137400C5359B /* Sources */,
				149CBBF61FC3137400C5359B /* Frameworks */,
				149CBBF71FC3137400C5359B /* Resources */,
			);
			buildRules = (
			);
			dependencies = (
				149CBBFB1FC3137400C5359B /* PBXTargetDependency */,
			);
			name = TimeAndPlaceTests;
			productName = TimeAndPlaceTests;
			productReference = 149CBBF91FC3137400C5359B /* TimeAndPlaceTests.xctest */;
			productType = "com.apple.product-type.bundle.unit-test";
		};
		149CBC031FC3137400C5359B /* TimeAndPlaceUITests */ = {
			isa = PBXNativeTarget;
			buildConfigurationList = 149CBC131FC3137400C5359B /* Build configuration list for PBXNativeTarget "TimeAndPlaceUITests" */;
			buildPhases = (
				149CBC001FC3137400C5359B /* Sources */,
				149CBC011FC3137400C5359B /* Frameworks */,
				149CBC021FC3137400C5359B /* Resources */,
			);
			buildRules = (
			);
			dependencies = (
				149CBC061FC3137400C5359B /* PBXTargetDependency */,
			);
			name = TimeAndPlaceUITests;
			productName = TimeAndPlaceUITests;
			productReference = 149CBC041FC3137400C5359B /* TimeAndPlaceUITests.xctest */;
			productType = "com.apple.product-type.bundle.ui-testing";
		};
/* End PBXNativeTarget section */

/* Begin PBXProject section */
		149CBBD51FC3137400C5359B /* Project object */ = {
			isa = PBXProject;
			attributes = {
				LastUpgradeCheck = 0800;
				ORGANIZATIONNAME = "Joshua Acanthe [el16ja]";
				TargetAttributes = {
					149CBBDC1FC3137400C5359B = {
						CreatedOnToolsVersion = 8.0;
						ProvisioningStyle = Automatic;
					};
					149CBBF81FC3137400C5359B = {
						CreatedOnToolsVersion = 8.0;
						ProvisioningStyle = Automatic;
						TestTargetID = 149CBBDC1FC3137400C5359B;
					};
					149CBC031FC3137400C5359B = {
						CreatedOnToolsVersion = 8.0;
						ProvisioningStyle = Automatic;
						TestTargetID = 149CBBDC1FC3137400C5359B;
					};
				};
			};
			buildConfigurationList = 149CBBD81FC3137400C5359B /* Build configuration list for PBXProject "TimeAndPlace" */;
			compatibilityVersion = "Xcode 3.2";
			developmentRegion = English;
			hasScannedForEncodings = 0;
			knownRegions = (
				en,
				Base,
			);
			mainGroup = 149CBBD41FC3137400C5359B;
			productRefGroup = 149CBBDE1FC3137400C5359B /* Products */;
			projectDirPath = "";
			projectRoot = "";
			targets = (
				149CBBDC1FC3137400C5359B /* TimeAndPlace */,
				149CBBF81FC3137400C5359B /* TimeAndPlaceTests */,
				149CBC031FC3137400C5359B /* TimeAndPlaceUITests */,
			);
		};
/* End PBXProject section */

/* Begin PBXResourcesBuildPhase section */
		149CBBDB1FC3137400C5359B /* Resources */ = {
			isa = PBXResourcesBuildPhase;
			buildActionMask = 2147483647;
			files = (
				149CBBF31FC3137400C5359B /* LaunchScreen.storyboard in Resources */,
				149CBBF01FC3137400C5359B /* Assets.xcassets in Resources */,
				149CBBEE1FC3137400C5359B /* Main.storyboard in Resources */,
			);
			runOnlyForDeploymentPostprocessing = 0;
		};
		149CBBF71FC3137400C5359B /* Resources */ = {
			isa = PBXResourcesBuildPhase;
			buildActionMask = 2147483647;
			files = (
			);
			runOnlyForDeploymentPostprocessing = 0;
		};
		149CBC021FC3137400C5359B /* Resources */ = {
			isa = PBXResourcesBuildPhase;
			buildActionMask = 2147483647;
			files = (
			);
			runOnlyForDeploymentPostprocessing = 0;
		};
/* End PBXResourcesBuildPhase section */

/* Begin PBXSourcesBuildPhase section */
		149CBBD91FC3137400C5359B /* Sources */ = {
			isa = PBXSourcesBuildPhase;
			buildActionMask = 2147483647;
			files = (
				149CBBEB1FC3137400C5359B /* SecondViewController.m in Sources */,
				149CBBE51FC3137400C5359B /* AppDelegate.m in Sources */,
				149CBBE81FC3137400C5359B /* FirstViewController.m in Sources */,
				149CBBE21FC3137400C5359B /* main.m in Sources */,
			);
			runOnlyForDeploymentPostprocessing = 0;
		};
		149CBBF51FC3137400C5359B /* Sources */ = {
			isa = PBXSourcesBuildPhase;
			buildActionMask = 2147483647;
			files = (
				149CBBFE1FC3137400C5359B /* TimeAndPlaceTests.m in Sources */,
			);
			runOnlyForDeploymentPostprocessing = 0;
		};
		149CBC001FC3137400C5359B /* Sources */ = {
			isa = PBXSourcesBuildPhase;
			buildActionMask = 2147483647;
			files = (
				149CBC091FC3137400C5359B /* TimeAndPlaceUITests.m in Sources */,
			);
			runOnlyForDeploymentPostprocessing = 0;
		};
/* End PBXSourcesBuildPhase section */

/* Begin PBXTargetDependency section */
		149CBBFB1FC3137400C5359B /* PBXTargetDependency */ = {
			isa = PBXTargetDependency;
			target = 149CBBDC1FC3137400C5359B /* TimeAndPlace */;
			targetProxy = 149CBBFA1FC3137400C5359B /* PBXContainerItemProxy */;
		};
		149CBC061FC3137400C5359B /* PBXTargetDependency */ = {
			isa = PBXTargetDependency;
			target = 149CBBDC1FC3137400C5359B /* TimeAndPlace */;
			targetProxy = 149CBC051FC3137400C5359B /* PBXContainerItemProxy */;
		};
/* End PBXTargetDependency section */

/* Begin PBXVariantGroup section */
		149CBBEC1FC3137400C5359B /* Main.storyboard */ = {
			isa = PBXVariantGroup;
			children = (
				149CBBED1FC3137400C5359B /* Base */,
			);
			name = Main.storyboard;
			sourceTree = "<group>";
		};
		149CBBF11FC3137400C5359B /* LaunchScreen.storyboard */ = {
			isa = PBXVariantGroup;
			children = (
				149CBBF21FC3137400C5359B /* Base */,
			);
			name = LaunchScreen.storyboard;
			sourceTree = "<group>";
		};
/* End PBXVariantGroup section */

/* Begin XCBuildConfiguration section */
		149CBC0B1FC3137400C5359B /* Debug */ = {
			isa = XCBuildConfiguration;
			buildSettings = {
				ALWAYS_SEARCH_USER_PATHS = NO;
				CLANG_ANALYZER_NONNULL = YES;
				CLANG_CXX_LANGUAGE_STANDARD = "gnu++0x";
				CLANG_CXX_LIBRARY = "libc++";
				CLANG_ENABLE_MODULES = YES;
				CLANG_ENABLE_OBJC_ARC = YES;
				CLANG_WARN_BOOL_CONVERSION = YES;
				CLANG_WARN_CONSTANT_CONVERSION = YES;
				CLANG_WARN_DIRECT_OBJC_ISA_USAGE = YES_ERROR;
				CLANG_WARN_DOCUMENTATION_COMMENTS = YES;
				CLANG_WARN_EMPTY_BODY = YES;
				CLANG_WARN_ENUM_CONVERSION = YES;
				CLANG_WARN_INFINITE_RECURSION = YES;
				CLANG_WARN_INT_CONVERSION = YES;
				CLANG_WARN_OBJC_ROOT_CLASS = YES_ERROR;
				CLANG_WARN_SUSPICIOUS_MOVES = YES;
				CLANG_WARN_UNREACHABLE_CODE = YES;
				CLANG_WARN__DUPLICATE_METHOD_MATCH = YES;
				"CODE_SIGN_IDENTITY[sdk=iphoneos*]" = "iPhone Developer";
				COPY_PHASE_STRIP = NO;
				DEBUG_INFORMATION_FORMAT = dwarf;
				ENABLE_STRICT_OBJC_MSGSEND = YES;
				ENABLE_TESTABILITY = YES;
				GCC_C_LANGUAGE_STANDARD = gnu99;
				GCC_DYNAMIC_NO_PIC = NO;
				GCC_NO_COMMON_BLOCKS = YES;
				GCC_OPTIMIZATION_LEVEL = 0;
				GCC_PREPROCESSOR_DEFINITIONS = (
					"DEBUG=1",
					"$(inherited)",
				);
				GCC_WARN_64_TO_32_BIT_CONVERSION = YES;
				GCC_WARN_ABOUT_RETURN_TYPE = YES_ERROR;
				GCC_WARN_UNDECLARED_SELECTOR = YES;
				GCC_WARN_UNINITIALIZED_AUTOS = YES_AGGRESSIVE;
				GCC_WARN_UNUSED_FUNCTION = YES;
				GCC_WARN_UNUSED_VARIABLE = YES;
				IPHONEOS_DEPLOYMENT_TARGET = 10.0;
				MTL_ENABLE_DEBUG_INFO = YES;
				ONLY_ACTIVE_ARCH = YES;
				SDKROOT = iphoneos;
				TARGETED_DEVICE_FAMILY = "1,2";
			};
			name = Debug;
		};
		149CBC0C1FC3137400C5359B /* Release */ = {
			isa = XCBuildConfiguration;
			buildSettings = {
				ALWAYS_SEARCH_USER_PATHS = NO;
				CLANG_ANALYZER_NONNULL = YES;
				CLANG_CXX_LANGUAGE_STANDARD = "gnu++0x";
				CLANG_CXX_LIBRARY = "libc++";
				CLANG_ENABLE_MODULES = YES;
				CLANG_ENABLE_OBJC_ARC = YES;
				CLANG_WARN_BOOL_CONVERSION = YES;
				CLANG_WARN_CONSTANT_CONVERSION = YES;
				CLANG_WARN_DIRECT_OBJC_ISA_USAGE = YES_ERROR;
				CLANG_WARN_DOCUMENTATION_COMMENTS = YES;
				CLANG_WARN_EMPTY_BODY = YES;
				CLANG_WARN_ENUM_CONVERSION = YES;
				CLANG_WARN_INFINITE_RECURSION = YES;
				CLANG_WARN_INT_CONVERSION = YES;
				CLANG_WARN_OBJC_ROOT_CLASS = YES_ERROR;
				CLANG_WARN_SUSPICIOUS_MOVES = YES;
				CLANG_WARN_UNREACHABLE_CODE = YES;
				CLANG_WARN__DUPLICATE_METHOD_MATCH = YES;
				"CODE_SIGN_IDENTITY[sdk=iphoneos*]" = "iPhone Developer";
				COPY_PHASE_STRIP = NO;
				DEBUG_INFORMATION_FORMAT = "dwarf-with-dsym";
				ENABLE_NS_ASSERTIONS = NO;
				ENABLE_STRICT_OBJC_MSGSEND = YES;
				GCC_C_LANGUAGE_STANDARD = gnu99;
				GCC_NO_COMMON_BLOCKS = YES;
				GCC_WARN_64_TO_32_BIT_CONVERSION = YES;
				GCC_WARN_ABOUT_RETURN_TYPE = YES_ERROR;
				GCC_WARN_UNDECLARED_SELECTOR = YES;
				GCC_WARN_UNINITIALIZED_AUTOS = YES_AGGRESSIVE;
				GCC_WARN_UNUSED_FUNCTION = YES;
				GCC_WARN_UNUSED_VARIABLE = YES;
				IPHONEOS_DEPLOYMENT_TARGET = 10.0;
				MTL_ENABLE_DEBUG_INFO = NO;
				SDKROOT = iphoneos;
				TARGETED_DEVICE_FAMILY = "1,2";
				VALIDATE_PRODUCT = YES;
			};
			name = Release;
		};
		149CBC0E1FC3137400C5359B /* Debug */ = {
			isa = XCBuildConfiguration;
			buildSettings = {
				ASSETCATALOG_COMPILER_APPICON_NAME = AppIcon;
				INFOPLIST_FILE = TimeAndPlace/Info.plist;
				LD_RUNPATH_SEARCH_PATHS = "$(inherited) @executable_path/Frameworks";
				PRODUCT_BUNDLE_IDENTIFIER = uk.ac.leeds.el16ja.TimeAndPlace;
				PRODUCT_NAME = "$(TARGET_NAME)";
			};
			name = Debug;
		};
		149CBC0F1FC3137400C5359B /* Release */ = {
			isa = XCBuildConfiguration;
			buildSettings = {
				ASSETCATALOG_COMPILER_APPICON_NAME = AppIcon;
				INFOPLIST_FILE = TimeAndPlace/Info.plist;
				LD_RUNPATH_SEARCH_PATHS = "$(inherited) @executable_path/Frameworks";
				PRODUCT_BUNDLE_IDENTIFIER = uk.ac.leeds.el16ja.TimeAndPlace;
				PRODUCT_NAME = "$(TARGET_NAME)";
			};
			name = Release;
		};
		149CBC111FC3137400C5359B /* Debug */ = {
			isa = XCBuildConfiguration;
			buildSettings = {
				BUNDLE_LOADER = "$(TEST_HOST)";
				INFOPLIST_FILE = TimeAndPlaceTests/Info.plist;
				LD_RUNPATH_SEARCH_PATHS = "$(inherited) @executable_path/Frameworks @loader_path/Frameworks";
				PRODUCT_BUNDLE_IDENTIFIER = uk.ac.leeds.el16ja.TimeAndPlaceTests;
				PRODUCT_NAME = "$(TARGET_NAME)";
				TEST_HOST = "$(BUILT_PRODUCTS_DIR)/TimeAndPlace.app/TimeAndPlace";
			};
			name = Debug;
		};
		149CBC121FC3137400C5359B /* Release */ = {
			isa = XCBuildConfiguration;
			buildSettings = {
				BUNDLE_LOADER = "$(TEST_HOST)";
				INFOPLIST_FILE = TimeAndPlaceTests/Info.plist;
				LD_RUNPATH_SEARCH_PATHS = "$(inherited) @executable_path/Frameworks @loader_path/Frameworks";
				PRODUCT_BUNDLE_IDENTIFIER = uk.ac.leeds.el16ja.TimeAndPlaceTests;
				PRODUCT_NAME = "$(TARGET_NAME)";
				TEST_HOST = "$(BUILT_PRODUCTS_DIR)/TimeAndPlace.app/TimeAndPlace";
			};
			name = Release;
		};
		149CBC141FC3137400C5359B /* Debug */ = {
			isa = XCBuildConfiguration;
			buildSettings = {
				INFOPLIST_FILE = TimeAndPlaceUITests/Info.plist;
				LD_RUNPATH_SEARCH_PATHS = "$(inherited) @executable_path/Frameworks @loader_path/Frameworks";
				PRODUCT_BUNDLE_IDENTIFIER = uk.ac.leeds.el16ja.TimeAndPlaceUITests;
				PRODUCT_NAME = "$(TARGET_NAME)";
				TEST_TARGET_NAME = TimeAndPlace;
			};
			name = Debug;
		};
		149CBC151FC3137400C5359B /* Release */ = {
			isa = XCBuildConfiguration;
			buildSettings = {
				INFOPLIST_FILE = TimeAndPlaceUITests/Info.plist;
				LD_RUNPATH_SEARCH_PATHS = "$(inherited) @executable_path/Frameworks @loader_path/Frameworks";
				PRODUCT_BUNDLE_IDENTIFIER = uk.ac.leeds.el16ja.TimeAndPlaceUITests;
				PRODUCT_NAME = "$(TARGET_NAME)";
				TEST_TARGET_NAME = TimeAndPlace;
			};
			name = Release;
		};
/* End XCBuildConfiguration section */

/* Begin XCConfigurationList section */
		149CBBD81FC3137400C5359B /* Build configuration list for PBXProject "TimeAndPlace" */ = {
			isa = XCConfigurationList;
			buildConfigurations = (
				149CBC0B1FC3137400C5359B /* Debug */,
				149CBC0C1FC3137400C5359B /* Release */,
			);
			defaultConfigurationIsVisible = 0;
			defaultConfigurationName = Release;
		};
		149CBC0D1FC3137400C5359B /* Build configuration list for PBXNativeTarget "TimeAndPlace" */ = {
			isa = XCConfigurationList;
			buildConfigurations = (
				149CBC0E1FC3137400C5359B /* Debug */,
				149CBC0F1FC3137400C5359B /* Release */,
			);
			defaultConfigurationIsVisible = 0;
		};
		149CBC101FC3137400C5359B /* Build configuration list for PBXNativeTarget "TimeAndPlaceTests" */ = {
			isa = XCConfigurationList;
			buildConfigurations = (
				149CBC111FC3137400C5359B /* Debug */,
				149CBC121FC3137400C5359B /* Release */,
			);
			defaultConfigurationIsVisible = 0;
		};
		149CBC131FC3137400C5359B /* Build configuration list for PBXNativeTarget "TimeAndPlaceUITests" */ = {
			isa = XCConfigurationList;
			buildConfigurations = (
				149CBC141FC3137400C5359B /* Debug */,
				149CBC151FC3137400C5359B /* Release */,
			);
			defaultConfigurationIsVisible = 0;
		};
/* End XCConfigurationList section */
	};
	rootObject = 149CBBD51FC3137400C5359B /* Project object */;
}
